
Microsoft Visual Studio Solution File, Format Version 12.00
# Visual Studio Version 17
VisualStudioVersion = 17.0.31912.275
MinimumVisualStudioVersion = 10.0.40219.1
Project("{FAE04EC0-301F-11D3-BF4B-00C04F79EFBC}") = "SOMA_VALOR_PAR", "SOMA_VALOR_PAR\SOMA_VALOR_PAR.csproj", "{BC3E05E4-ED4B-4A0E-87AA-67BAD2CFC6E6}"
EndProject
Global
	GlobalSection(SolutionConfigurationPlatforms) = preSolution
		Debug|Any CPU = Debug|Any CPU
		Release|Any CPU = Release|Any CPU
	EndGlobalSection
	GlobalSection(ProjectConfigurationPlatforms) = postSolution
		{BC3E05E4-ED4B-4A0E-87AA-67BAD2CFC6E6}.Debug|Any CPU.ActiveCfg = Debug|Any CPU
		{BC3E05E4-ED4B-4A0E-87AA-67BAD2CFC6E6}.Debug|Any CPU.Build.0 = Debug|Any CPU
		{BC3E05E4-ED4B-4A0E-87AA-67BAD2CFC6E6}.Release|Any CPU.ActiveCfg = Release|Any CPU
		{BC3E05E4-ED4B-4A0E-87AA-67BAD2CFC6E6}.Release|Any CPU.Build.0 = Release|Any CPU
	EndGlobalSection
	GlobalSection(SolutionProperties) = preSolution
		HideSolutionNode = FALSE
	EndGlobalSection
	GlobalSection(ExtensibilityGlobals) = postSolution
		SolutionGuid = {1826B59B-DC0D-43B7-B50E-7CA1738E9C65}
	EndGlobalSection
EndGlobal
