
Microsoft Visual Studio Solution File, Format Version 12.00
# Visual Studio Version 17
VisualStudioVersion = 17.2.32630.192
MinimumVisualStudioVersion = 10.0.40219.1
Project("{FAE04EC0-301F-11D3-BF4B-00C04F79EFBC}") = "AED_EX_5", "AED_EX_5\AED_EX_5.csproj", "{76B6848C-107C-428A-B156-42934DBC17E6}"
EndProject
Global
	GlobalSection(SolutionConfigurationPlatforms) = preSolution
		Debug|Any CPU = Debug|Any CPU
		Release|Any CPU = Release|Any CPU
	EndGlobalSection
	GlobalSection(ProjectConfigurationPlatforms) = postSolution
		{76B6848C-107C-428A-B156-42934DBC17E6}.Debug|Any CPU.ActiveCfg = Debug|Any CPU
		{76B6848C-107C-428A-B156-42934DBC17E6}.Debug|Any CPU.Build.0 = Debug|Any CPU
		{76B6848C-107C-428A-B156-42934DBC17E6}.Release|Any CPU.ActiveCfg = Release|Any CPU
		{76B6848C-107C-428A-B156-42934DBC17E6}.Release|Any CPU.Build.0 = Release|Any CPU
	EndGlobalSection
	GlobalSection(SolutionProperties) = preSolution
		HideSolutionNode = FALSE
	EndGlobalSection
	GlobalSection(ExtensibilityGlobals) = postSolution
		SolutionGuid = {C53AE3F9-4AA4-4D8E-B670-C4E1A4F13850}
	EndGlobalSection
EndGlobal
