
Microsoft Visual Studio Solution File, Format Version 12.00
# Visual Studio Version 17
VisualStudioVersion = 17.2.32630.192
MinimumVisualStudioVersion = 10.0.40219.1
Project("{FAE04EC0-301F-11D3-BF4B-00C04F79EFBC}") = "AED_EX_4", "AED_EX_4\AED_EX_4.csproj", "{42540BEE-BB48-4C5A-ACE4-CFE3CAF771E3}"
EndProject
Global
	GlobalSection(SolutionConfigurationPlatforms) = preSolution
		Debug|Any CPU = Debug|Any CPU
		Release|Any CPU = Release|Any CPU
	EndGlobalSection
	GlobalSection(ProjectConfigurationPlatforms) = postSolution
		{42540BEE-BB48-4C5A-ACE4-CFE3CAF771E3}.Debug|Any CPU.ActiveCfg = Debug|Any CPU
		{42540BEE-BB48-4C5A-ACE4-CFE3CAF771E3}.Debug|Any CPU.Build.0 = Debug|Any CPU
		{42540BEE-BB48-4C5A-ACE4-CFE3CAF771E3}.Release|Any CPU.ActiveCfg = Release|Any CPU
		{42540BEE-BB48-4C5A-ACE4-CFE3CAF771E3}.Release|Any CPU.Build.0 = Release|Any CPU
	EndGlobalSection
	GlobalSection(SolutionProperties) = preSolution
		HideSolutionNode = FALSE
	EndGlobalSection
	GlobalSection(ExtensibilityGlobals) = postSolution
		SolutionGuid = {DCDA65E1-2F51-4BBE-9EB1-9A54B65D6C35}
	EndGlobalSection
EndGlobal
