
Microsoft Visual Studio Solution File, Format Version 12.00
# Visual Studio Version 17
VisualStudioVersion = 17.0.31912.275
MinimumVisualStudioVersion = 10.0.40219.1
Project("{FAE04EC0-301F-11D3-BF4B-00C04F79EFBC}") = "FILA_ESTATICA", "FILA_ESTATICA\FILA_ESTATICA.csproj", "{031B93A1-4C06-4D0D-AA5F-DC53F31EC852}"
EndProject
Global
	GlobalSection(SolutionConfigurationPlatforms) = preSolution
		Debug|Any CPU = Debug|Any CPU
		Release|Any CPU = Release|Any CPU
	EndGlobalSection
	GlobalSection(ProjectConfigurationPlatforms) = postSolution
		{031B93A1-4C06-4D0D-AA5F-DC53F31EC852}.Debug|Any CPU.ActiveCfg = Debug|Any CPU
		{031B93A1-4C06-4D0D-AA5F-DC53F31EC852}.Debug|Any CPU.Build.0 = Debug|Any CPU
		{031B93A1-4C06-4D0D-AA5F-DC53F31EC852}.Release|Any CPU.ActiveCfg = Release|Any CPU
		{031B93A1-4C06-4D0D-AA5F-DC53F31EC852}.Release|Any CPU.Build.0 = Release|Any CPU
	EndGlobalSection
	GlobalSection(SolutionProperties) = preSolution
		HideSolutionNode = FALSE
	EndGlobalSection
	GlobalSection(ExtensibilityGlobals) = postSolution
		SolutionGuid = {BB5F9946-59E4-4572-9B7A-6139301EB91B}
	EndGlobalSection
EndGlobal
